
Microsoft Visual Studio Solution File, Format Version 11.00
# Visual Studio 2010
Project("{FAE04EC0-301F-11D3-BF4B-00C04F79EFBC}") = "QuickCode1", "QuickCode1\QuickCode1.csproj", "{2A18E8A1-F918-40CC-BB49-6BBD27455143}"
EndProject
Project("{FAE04EC0-301F-11D3-BF4B-00C04F79EFBC}") = "UtilCS", "UtilCS\UtilCS.csproj", "{133C6720-8C9F-4F87-94CE-9785B8FA15F8}"
EndProject
Project("{FAE04EC0-301F-11D3-BF4B-00C04F79EFBC}") = "QuickCode2", "QuickCode2\QuickCode2.csproj", "{C57FF878-CEF5-43AC-828F-32B5744B414A}"
EndProject
Project("{FAE04EC0-301F-11D3-BF4B-00C04F79EFBC}") = "QuickCode3", "QuickCode3\QuickCode3.csproj", "{250BF407-0114-473D-8226-470D3C2617C3}"
EndProject
Project("{F184B08F-C81C-45F6-A57F-5ABD9991F28F}") = "QuickCodeVB", "QuickCodeVB\QuickCodeVB.vbproj", "{D2DC2FC9-CE60-4DF0-919F-186BD64CC905}"
EndProject
Project("{FAE04EC0-301F-11D3-BF4B-00C04F79EFBC}") = "UsingDynamicProxy", "UsingDynamicProxy\UsingDynamicProxy.csproj", "{0E5E4004-0030-405E-943D-9239AA4AFE5D}"
EndProject
Project("{FAE04EC0-301F-11D3-BF4B-00C04F79EFBC}") = "DynamicProxy", "DynamicProxy\DynamicProxy.csproj", "{353E88D3-690E-40F5-B670-D38CD046E786}"
EndProject
Project("{FAE04EC0-301F-11D3-BF4B-00C04F79EFBC}") = "QuickWebCode1", "QuickWebCode1\QuickWebCode1.csproj", "{3AF2AD80-3CB4-4BEE-BFF7-C559C8600767}"
EndProject
Project("{8BC9CEB8-8B4A-11D0-8D11-00A0C91BC942}") = "QuickCodeCPP", "QuickCodeCPP\QuickCodeCPP.vcxproj", "{3EA6E147-FE93-4771-ADFA-27315329A3CA}"
EndProject
Global
	GlobalSection(SolutionConfigurationPlatforms) = preSolution
		Debug|Any CPU = Debug|Any CPU
		Debug|Mixed Platforms = Debug|Mixed Platforms
		Debug|Win32 = Debug|Win32
		Debug|x86 = Debug|x86
		Release|Any CPU = Release|Any CPU
		Release|Mixed Platforms = Release|Mixed Platforms
		Release|Win32 = Release|Win32
		Release|x86 = Release|x86
	EndGlobalSection
	GlobalSection(ProjectConfigurationPlatforms) = postSolution
		{2A18E8A1-F918-40CC-BB49-6BBD27455143}.Debug|Any CPU.ActiveCfg = Debug|x86
		{2A18E8A1-F918-40CC-BB49-6BBD27455143}.Debug|Mixed Platforms.ActiveCfg = Debug|x86
		{2A18E8A1-F918-40CC-BB49-6BBD27455143}.Debug|Mixed Platforms.Build.0 = Debug|x86
		{2A18E8A1-F918-40CC-BB49-6BBD27455143}.Debug|Win32.ActiveCfg = Debug|x86
		{2A18E8A1-F918-40CC-BB49-6BBD27455143}.Debug|x86.ActiveCfg = Debug|x86
		{2A18E8A1-F918-40CC-BB49-6BBD27455143}.Debug|x86.Build.0 = Debug|x86
		{2A18E8A1-F918-40CC-BB49-6BBD27455143}.Release|Any CPU.ActiveCfg = Release|x86
		{2A18E8A1-F918-40CC-BB49-6BBD27455143}.Release|Mixed Platforms.ActiveCfg = Release|x86
		{2A18E8A1-F918-40CC-BB49-6BBD27455143}.Release|Mixed Platforms.Build.0 = Release|x86
		{2A18E8A1-F918-40CC-BB49-6BBD27455143}.Release|Win32.ActiveCfg = Release|x86
		{2A18E8A1-F918-40CC-BB49-6BBD27455143}.Release|x86.ActiveCfg = Release|x86
		{2A18E8A1-F918-40CC-BB49-6BBD27455143}.Release|x86.Build.0 = Release|x86
		{133C6720-8C9F-4F87-94CE-9785B8FA15F8}.Debug|Any CPU.ActiveCfg = Debug|Any CPU
		{133C6720-8C9F-4F87-94CE-9785B8FA15F8}.Debug|Any CPU.Build.0 = Debug|Any CPU
		{133C6720-8C9F-4F87-94CE-9785B8FA15F8}.Debug|Mixed Platforms.ActiveCfg = Debug|Any CPU
		{133C6720-8C9F-4F87-94CE-9785B8FA15F8}.Debug|Mixed Platforms.Build.0 = Debug|Any CPU
		{133C6720-8C9F-4F87-94CE-9785B8FA15F8}.Debug|Win32.ActiveCfg = Debug|Any CPU
		{133C6720-8C9F-4F87-94CE-9785B8FA15F8}.Debug|x86.ActiveCfg = Debug|Any CPU
		{133C6720-8C9F-4F87-94CE-9785B8FA15F8}.Release|Any CPU.ActiveCfg = Release|Any CPU
		{133C6720-8C9F-4F87-94CE-9785B8FA15F8}.Release|Any CPU.Build.0 = Release|Any CPU
		{133C6720-8C9F-4F87-94CE-9785B8FA15F8}.Release|Mixed Platforms.ActiveCfg = Release|Any CPU
		{133C6720-8C9F-4F87-94CE-9785B8FA15F8}.Release|Mixed Platforms.Build.0 = Release|Any CPU
		{133C6720-8C9F-4F87-94CE-9785B8FA15F8}.Release|Win32.ActiveCfg = Release|Any CPU
		{133C6720-8C9F-4F87-94CE-9785B8FA15F8}.Release|x86.ActiveCfg = Release|Any CPU
		{C57FF878-CEF5-43AC-828F-32B5744B414A}.Debug|Any CPU.ActiveCfg = Debug|x86
		{C57FF878-CEF5-43AC-828F-32B5744B414A}.Debug|Mixed Platforms.ActiveCfg = Debug|x86
		{C57FF878-CEF5-43AC-828F-32B5744B414A}.Debug|Mixed Platforms.Build.0 = Debug|x86
		{C57FF878-CEF5-43AC-828F-32B5744B414A}.Debug|Win32.ActiveCfg = Debug|x86
		{C57FF878-CEF5-43AC-828F-32B5744B414A}.Debug|x86.ActiveCfg = Debug|x86
		{C57FF878-CEF5-43AC-828F-32B5744B414A}.Debug|x86.Build.0 = Debug|x86
		{C57FF878-CEF5-43AC-828F-32B5744B414A}.Release|Any CPU.ActiveCfg = Release|x86
		{C57FF878-CEF5-43AC-828F-32B5744B414A}.Release|Mixed Platforms.ActiveCfg = Release|x86
		{C57FF878-CEF5-43AC-828F-32B5744B414A}.Release|Mixed Platforms.Build.0 = Release|x86
		{C57FF878-CEF5-43AC-828F-32B5744B414A}.Release|Win32.ActiveCfg = Release|x86
		{C57FF878-CEF5-43AC-828F-32B5744B414A}.Release|x86.ActiveCfg = Release|x86
		{C57FF878-CEF5-43AC-828F-32B5744B414A}.Release|x86.Build.0 = Release|x86
		{250BF407-0114-473D-8226-470D3C2617C3}.Debug|Any CPU.ActiveCfg = Debug|x86
		{250BF407-0114-473D-8226-470D3C2617C3}.Debug|Mixed Platforms.ActiveCfg = Debug|x86
		{250BF407-0114-473D-8226-470D3C2617C3}.Debug|Mixed Platforms.Build.0 = Debug|x86
		{250BF407-0114-473D-8226-470D3C2617C3}.Debug|Win32.ActiveCfg = Debug|x86
		{250BF407-0114-473D-8226-470D3C2617C3}.Debug|x86.ActiveCfg = Debug|x86
		{250BF407-0114-473D-8226-470D3C2617C3}.Debug|x86.Build.0 = Debug|x86
		{250BF407-0114-473D-8226-470D3C2617C3}.Release|Any CPU.ActiveCfg = Release|x86
		{250BF407-0114-473D-8226-470D3C2617C3}.Release|Mixed Platforms.ActiveCfg = Release|x86
		{250BF407-0114-473D-8226-470D3C2617C3}.Release|Mixed Platforms.Build.0 = Release|x86
		{250BF407-0114-473D-8226-470D3C2617C3}.Release|Win32.ActiveCfg = Release|x86
		{250BF407-0114-473D-8226-470D3C2617C3}.Release|x86.ActiveCfg = Release|x86
		{250BF407-0114-473D-8226-470D3C2617C3}.Release|x86.Build.0 = Release|x86
		{D2DC2FC9-CE60-4DF0-919F-186BD64CC905}.Debug|Any CPU.ActiveCfg = Debug|x86
		{D2DC2FC9-CE60-4DF0-919F-186BD64CC905}.Debug|Mixed Platforms.ActiveCfg = Debug|x86
		{D2DC2FC9-CE60-4DF0-919F-186BD64CC905}.Debug|Mixed Platforms.Build.0 = Debug|x86
		{D2DC2FC9-CE60-4DF0-919F-186BD64CC905}.Debug|Win32.ActiveCfg = Debug|x86
		{D2DC2FC9-CE60-4DF0-919F-186BD64CC905}.Debug|x86.ActiveCfg = Debug|x86
		{D2DC2FC9-CE60-4DF0-919F-186BD64CC905}.Debug|x86.Build.0 = Debug|x86
		{D2DC2FC9-CE60-4DF0-919F-186BD64CC905}.Release|Any CPU.ActiveCfg = Release|x86
		{D2DC2FC9-CE60-4DF0-919F-186BD64CC905}.Release|Mixed Platforms.ActiveCfg = Release|x86
		{D2DC2FC9-CE60-4DF0-919F-186BD64CC905}.Release|Mixed Platforms.Build.0 = Release|x86
		{D2DC2FC9-CE60-4DF0-919F-186BD64CC905}.Release|Win32.ActiveCfg = Release|x86
		{D2DC2FC9-CE60-4DF0-919F-186BD64CC905}.Release|x86.ActiveCfg = Release|x86
		{D2DC2FC9-CE60-4DF0-919F-186BD64CC905}.Release|x86.Build.0 = Release|x86
		{0E5E4004-0030-405E-943D-9239AA4AFE5D}.Debug|Any CPU.ActiveCfg = Debug|x86
		{0E5E4004-0030-405E-943D-9239AA4AFE5D}.Debug|Mixed Platforms.ActiveCfg = Debug|x86
		{0E5E4004-0030-405E-943D-9239AA4AFE5D}.Debug|Mixed Platforms.Build.0 = Debug|x86
		{0E5E4004-0030-405E-943D-9239AA4AFE5D}.Debug|Win32.ActiveCfg = Debug|x86
		{0E5E4004-0030-405E-943D-9239AA4AFE5D}.Debug|x86.ActiveCfg = Debug|x86
		{0E5E4004-0030-405E-943D-9239AA4AFE5D}.Debug|x86.Build.0 = Debug|x86
		{0E5E4004-0030-405E-943D-9239AA4AFE5D}.Release|Any CPU.ActiveCfg = Release|x86
		{0E5E4004-0030-405E-943D-9239AA4AFE5D}.Release|Mixed Platforms.ActiveCfg = Release|x86
		{0E5E4004-0030-405E-943D-9239AA4AFE5D}.Release|Mixed Platforms.Build.0 = Release|x86
		{0E5E4004-0030-405E-943D-9239AA4AFE5D}.Release|Win32.ActiveCfg = Release|x86
		{0E5E4004-0030-405E-943D-9239AA4AFE5D}.Release|x86.ActiveCfg = Release|x86
		{0E5E4004-0030-405E-943D-9239AA4AFE5D}.Release|x86.Build.0 = Release|x86
		{353E88D3-690E-40F5-B670-D38CD046E786}.Debug|Any CPU.ActiveCfg = Debug|Any CPU
		{353E88D3-690E-40F5-B670-D38CD046E786}.Debug|Any CPU.Build.0 = Debug|Any CPU
		{353E88D3-690E-40F5-B670-D38CD046E786}.Debug|Mixed Platforms.ActiveCfg = Debug|Any CPU
		{353E88D3-690E-40F5-B670-D38CD046E786}.Debug|Mixed Platforms.Build.0 = Debug|Any CPU
		{353E88D3-690E-40F5-B670-D38CD046E786}.Debug|Win32.ActiveCfg = Debug|Any CPU
		{353E88D3-690E-40F5-B670-D38CD046E786}.Debug|x86.ActiveCfg = Debug|Any CPU
		{353E88D3-690E-40F5-B670-D38CD046E786}.Release|Any CPU.ActiveCfg = Release|Any CPU
		{353E88D3-690E-40F5-B670-D38CD046E786}.Release|Any CPU.Build.0 = Release|Any CPU
		{353E88D3-690E-40F5-B670-D38CD046E786}.Release|Mixed Platforms.ActiveCfg = Release|Any CPU
		{353E88D3-690E-40F5-B670-D38CD046E786}.Release|Mixed Platforms.Build.0 = Release|Any CPU
		{353E88D3-690E-40F5-B670-D38CD046E786}.Release|Win32.ActiveCfg = Release|Any CPU
		{353E88D3-690E-40F5-B670-D38CD046E786}.Release|x86.ActiveCfg = Release|Any CPU
		{3AF2AD80-3CB4-4BEE-BFF7-C559C8600767}.Debug|Any CPU.ActiveCfg = Debug|Any CPU
		{3AF2AD80-3CB4-4BEE-BFF7-C559C8600767}.Debug|Any CPU.Build.0 = Debug|Any CPU
		{3AF2AD80-3CB4-4BEE-BFF7-C559C8600767}.Debug|Mixed Platforms.ActiveCfg = Debug|Any CPU
		{3AF2AD80-3CB4-4BEE-BFF7-C559C8600767}.Debug|Mixed Platforms.Build.0 = Debug|Any CPU
		{3AF2AD80-3CB4-4BEE-BFF7-C559C8600767}.Debug|Win32.ActiveCfg = Debug|Any CPU
		{3AF2AD80-3CB4-4BEE-BFF7-C559C8600767}.Debug|x86.ActiveCfg = Debug|Any CPU
		{3AF2AD80-3CB4-4BEE-BFF7-C559C8600767}.Release|Any CPU.ActiveCfg = Release|Any CPU
		{3AF2AD80-3CB4-4BEE-BFF7-C559C8600767}.Release|Any CPU.Build.0 = Release|Any CPU
		{3AF2AD80-3CB4-4BEE-BFF7-C559C8600767}.Release|Mixed Platforms.ActiveCfg = Release|Any CPU
		{3AF2AD80-3CB4-4BEE-BFF7-C559C8600767}.Release|Mixed Platforms.Build.0 = Release|Any CPU
		{3AF2AD80-3CB4-4BEE-BFF7-C559C8600767}.Release|Win32.ActiveCfg = Release|Any CPU
		{3AF2AD80-3CB4-4BEE-BFF7-C559C8600767}.Release|x86.ActiveCfg = Release|Any CPU
		{3EA6E147-FE93-4771-ADFA-27315329A3CA}.Debug|Any CPU.ActiveCfg = Debug|Win32
		{3EA6E147-FE93-4771-ADFA-27315329A3CA}.Debug|Mixed Platforms.ActiveCfg = Debug|Win32
		{3EA6E147-FE93-4771-ADFA-27315329A3CA}.Debug|Mixed Platforms.Build.0 = Debug|Win32
		{3EA6E147-FE93-4771-ADFA-27315329A3CA}.Debug|Win32.ActiveCfg = Debug|Win32
		{3EA6E147-FE93-4771-ADFA-27315329A3CA}.Debug|Win32.Build.0 = Debug|Win32
		{3EA6E147-FE93-4771-ADFA-27315329A3CA}.Debug|x86.ActiveCfg = Debug|Win32
		{3EA6E147-FE93-4771-ADFA-27315329A3CA}.Release|Any CPU.ActiveCfg = Release|Win32
		{3EA6E147-FE93-4771-ADFA-27315329A3CA}.Release|Mixed Platforms.ActiveCfg = Release|Win32
		{3EA6E147-FE93-4771-ADFA-27315329A3CA}.Release|Mixed Platforms.Build.0 = Release|Win32
		{3EA6E147-FE93-4771-ADFA-27315329A3CA}.Release|Win32.ActiveCfg = Release|Win32
		{3EA6E147-FE93-4771-ADFA-27315329A3CA}.Release|Win32.Build.0 = Release|Win32
		{3EA6E147-FE93-4771-ADFA-27315329A3CA}.Release|x86.ActiveCfg = Release|Win32
	EndGlobalSection
	GlobalSection(SolutionProperties) = preSolution
		HideSolutionNode = FALSE
	EndGlobalSection
EndGlobal
